
Microsoft Visual Studio Solution File, Format Version 12.00
# Visual Studio Version 16
VisualStudioVersion = 16.0.29411.108
MinimumVisualStudioVersion = 10.0.40219.1
Project("{FAE04EC0-301F-11D3-BF4B-00C04F79EFBC}") = "AbstractFactory", "AbstractFactory\AbstractFactory.csproj", "{B8B83ECC-59AD-4DD1-9A05-B39C16428435}"
EndProject
Global
	GlobalSection(SolutionConfigurationPlatforms) = preSolution
		Debug|Any CPU = Debug|Any CPU
		Release|Any CPU = Release|Any CPU
	EndGlobalSection
	GlobalSection(ProjectConfigurationPlatforms) = postSolution
		{B8B83ECC-59AD-4DD1-9A05-B39C16428435}.Debug|Any CPU.ActiveCfg = Debug|Any CPU
		{B8B83ECC-59AD-4DD1-9A05-B39C16428435}.Debug|Any CPU.Build.0 = Debug|Any CPU
		{B8B83ECC-59AD-4DD1-9A05-B39C16428435}.Release|Any CPU.ActiveCfg = Release|Any CPU
		{B8B83ECC-59AD-4DD1-9A05-B39C16428435}.Release|Any CPU.Build.0 = Release|Any CPU
	EndGlobalSection
	GlobalSection(SolutionProperties) = preSolution
		HideSolutionNode = FALSE
	EndGlobalSection
	GlobalSection(ExtensibilityGlobals) = postSolution
		SolutionGuid = {5A6B360C-7C21-48FE-94BB-F558B75F0138}
	EndGlobalSection
EndGlobal
